
Microsoft Visual Studio Solution File, Format Version 12.00
# Visual Studio 15
VisualStudioVersion = 15.0.27004.2010
MinimumVisualStudioVersion = 10.0.40219.1
Project("{8BC9CEB8-8B4A-11D0-8D11-00A0C91BC942}") = "p1a", "p1a.vcxproj", "{72987C09-4417-42FB-9799-24D171DA261C}"
EndProject
Global
	GlobalSection(SolutionConfigurationPlatforms) = preSolution
		Debug|x64 = Debug|x64
		Debug|x86 = Debug|x86
		Release|x64 = Release|x64
		Release|x86 = Release|x86
	EndGlobalSection
	GlobalSection(ProjectConfigurationPlatforms) = postSolution
		{72987C09-4417-42FB-9799-24D171DA261C}.Debug|x64.ActiveCfg = Debug|x64
		{72987C09-4417-42FB-9799-24D171DA261C}.Debug|x64.Build.0 = Debug|x64
		{72987C09-4417-42FB-9799-24D171DA261C}.Debug|x86.ActiveCfg = Debug|Win32
		{72987C09-4417-42FB-9799-24D171DA261C}.Debug|x86.Build.0 = Debug|Win32
		{72987C09-4417-42FB-9799-24D171DA261C}.Release|x64.ActiveCfg = Release|x64
		{72987C09-4417-42FB-9799-24D171DA261C}.Release|x64.Build.0 = Release|x64
		{72987C09-4417-42FB-9799-24D171DA261C}.Release|x86.ActiveCfg = Release|Win32
		{72987C09-4417-42FB-9799-24D171DA261C}.Release|x86.Build.0 = Release|Win32
	EndGlobalSection
	GlobalSection(SolutionProperties) = preSolution
		HideSolutionNode = FALSE
	EndGlobalSection
	GlobalSection(ExtensibilityGlobals) = postSolution
		SolutionGuid = {C7BE7719-3F20-460E-AEA0-AA265219FD69}
	EndGlobalSection
EndGlobal
